
Microsoft Visual Studio Solution File, Format Version 12.00
# Visual Studio 2013
VisualStudioVersion = 12.0.31101.0
MinimumVisualStudioVersion = 10.0.40219.1
Project("{FAE04EC0-301F-11D3-BF4B-00C04F79EFBC}") = "Terminverwaltung", "Terminverwaltung\Terminverwaltung.csproj", "{274AA34C-1E6C-45F6-A5DD-68525C54E26B}"
EndProject
Global
	GlobalSection(SolutionConfigurationPlatforms) = preSolution
		Debug|Any CPU = Debug|Any CPU
		Release|Any CPU = Release|Any CPU
	EndGlobalSection
	GlobalSection(ProjectConfigurationPlatforms) = postSolution
		{274AA34C-1E6C-45F6-A5DD-68525C54E26B}.Debug|Any CPU.ActiveCfg = Debug|Any CPU
		{274AA34C-1E6C-45F6-A5DD-68525C54E26B}.Debug|Any CPU.Build.0 = Debug|Any CPU
		{274AA34C-1E6C-45F6-A5DD-68525C54E26B}.Release|Any CPU.ActiveCfg = Release|Any CPU
		{274AA34C-1E6C-45F6-A5DD-68525C54E26B}.Release|Any CPU.Build.0 = Release|Any CPU
	EndGlobalSection
	GlobalSection(SolutionProperties) = preSolution
		HideSolutionNode = FALSE
	EndGlobalSection
EndGlobal
